
Microsoft Visual Studio Solution File, Format Version 12.00
# Visual Studio 15
VisualStudioVersion = 15.0.27004.2006
MinimumVisualStudioVersion = 10.0.40219.1
Project("{FAE04EC0-301F-11D3-BF4B-00C04F79EFBC}") = "Behavioral", "DesignPatternStudy\Behavioral.csproj", "{1CECE3C3-46CA-4B3B-919D-5EE2F5738E26}"
EndProject
Project("{FAE04EC0-301F-11D3-BF4B-00C04F79EFBC}") = "BehavioralTests", "BehavioralTests\BehavioralTests.csproj", "{628853A6-3773-491F-AD83-A2AA97F7B9AF}"
EndProject
Global
	GlobalSection(SolutionConfigurationPlatforms) = preSolution
		Debug|Any CPU = Debug|Any CPU
		Release|Any CPU = Release|Any CPU
	EndGlobalSection
	GlobalSection(ProjectConfigurationPlatforms) = postSolution
		{1CECE3C3-46CA-4B3B-919D-5EE2F5738E26}.Debug|Any CPU.ActiveCfg = Debug|Any CPU
		{1CECE3C3-46CA-4B3B-919D-5EE2F5738E26}.Debug|Any CPU.Build.0 = Debug|Any CPU
		{1CECE3C3-46CA-4B3B-919D-5EE2F5738E26}.Release|Any CPU.ActiveCfg = Release|Any CPU
		{1CECE3C3-46CA-4B3B-919D-5EE2F5738E26}.Release|Any CPU.Build.0 = Release|Any CPU
		{628853A6-3773-491F-AD83-A2AA97F7B9AF}.Debug|Any CPU.ActiveCfg = Debug|Any CPU
		{628853A6-3773-491F-AD83-A2AA97F7B9AF}.Debug|Any CPU.Build.0 = Debug|Any CPU
		{628853A6-3773-491F-AD83-A2AA97F7B9AF}.Release|Any CPU.ActiveCfg = Release|Any CPU
		{628853A6-3773-491F-AD83-A2AA97F7B9AF}.Release|Any CPU.Build.0 = Release|Any CPU
	EndGlobalSection
	GlobalSection(SolutionProperties) = preSolution
		HideSolutionNode = FALSE
	EndGlobalSection
	GlobalSection(ExtensibilityGlobals) = postSolution
		SolutionGuid = {DF743363-73C8-42F0-BAD2-24BEB7D8FB44}
	EndGlobalSection
EndGlobal
